
Microsoft Visual Studio Solution File, Format Version 12.00
Project("{FAE04EC0-301F-11D3-BF4B-00C04F79EFBC}") = "C02_Arrays", "C02_Arrays\C02_Arrays.csproj", "{F6D668BB-CE72-4001-A399-76F29CDFF1BA}"
EndProject
Global
	GlobalSection(SolutionConfigurationPlatforms) = preSolution
		Debug|Any CPU = Debug|Any CPU
		Release|Any CPU = Release|Any CPU
	EndGlobalSection
	GlobalSection(ProjectConfigurationPlatforms) = postSolution
		{F6D668BB-CE72-4001-A399-76F29CDFF1BA}.Debug|Any CPU.ActiveCfg = Debug|Any CPU
		{F6D668BB-CE72-4001-A399-76F29CDFF1BA}.Debug|Any CPU.Build.0 = Debug|Any CPU
		{F6D668BB-CE72-4001-A399-76F29CDFF1BA}.Release|Any CPU.ActiveCfg = Release|Any CPU
		{F6D668BB-CE72-4001-A399-76F29CDFF1BA}.Release|Any CPU.Build.0 = Release|Any CPU
	EndGlobalSection
EndGlobal
