
Microsoft Visual Studio Solution File, Format Version 12.00
Project("{FAE04EC0-301F-11D3-BF4B-00C04F79EFBC}") = "C01_vars_and_datatypes", "C01_vars_and_datatypes\C01_vars_and_datatypes.csproj", "{EAE88EFE-3D66-4E86-87C8-CAD61BA22F4F}"
EndProject
Global
	GlobalSection(SolutionConfigurationPlatforms) = preSolution
		Debug|Any CPU = Debug|Any CPU
		Release|Any CPU = Release|Any CPU
	EndGlobalSection
	GlobalSection(ProjectConfigurationPlatforms) = postSolution
		{EAE88EFE-3D66-4E86-87C8-CAD61BA22F4F}.Debug|Any CPU.ActiveCfg = Debug|Any CPU
		{EAE88EFE-3D66-4E86-87C8-CAD61BA22F4F}.Debug|Any CPU.Build.0 = Debug|Any CPU
		{EAE88EFE-3D66-4E86-87C8-CAD61BA22F4F}.Release|Any CPU.ActiveCfg = Release|Any CPU
		{EAE88EFE-3D66-4E86-87C8-CAD61BA22F4F}.Release|Any CPU.Build.0 = Release|Any CPU
	EndGlobalSection
EndGlobal
